
Microsoft Visual Studio Solution File, Format Version 12.00
# Visual Studio Version 17
VisualStudioVersion = 17.10.35122.118
MinimumVisualStudioVersion = 10.0.40219.1
Project("{9A19103F-16F7-4668-BE54-9A1E7A4F7556}") = "visSubDownLoader", "visSubDownLoader\visSubDownLoader.csproj", "{0854A422-F6D8-4042-A15B-38DDF4D51CE6}"
EndProject
Global
	GlobalSection(SolutionConfigurationPlatforms) = preSolution
		Debug|Any CPU = Debug|Any CPU
		Release|Any CPU = Release|Any CPU
	EndGlobalSection
	GlobalSection(ProjectConfigurationPlatforms) = postSolution
		{0854A422-F6D8-4042-A15B-38DDF4D51CE6}.Debug|Any CPU.ActiveCfg = Debug|Any CPU
		{0854A422-F6D8-4042-A15B-38DDF4D51CE6}.Debug|Any CPU.Build.0 = Debug|Any CPU
		{0854A422-F6D8-4042-A15B-38DDF4D51CE6}.Debug|Any CPU.Deploy.0 = Debug|Any CPU
		{0854A422-F6D8-4042-A15B-38DDF4D51CE6}.Release|Any CPU.ActiveCfg = Release|Any CPU
		{0854A422-F6D8-4042-A15B-38DDF4D51CE6}.Release|Any CPU.Build.0 = Release|Any CPU
		{0854A422-F6D8-4042-A15B-38DDF4D51CE6}.Release|Any CPU.Deploy.0 = Release|Any CPU
	EndGlobalSection
	GlobalSection(SolutionProperties) = preSolution
		HideSolutionNode = FALSE
	EndGlobalSection
	GlobalSection(ExtensibilityGlobals) = postSolution
		SolutionGuid = {C8F482B0-572E-438F-9CA8-BBB3C63D12AA}
	EndGlobalSection
EndGlobal
